
Microsoft Visual Studio Solution File, Format Version 12.00
# Visual Studio Version 16
VisualStudioVersion = 16.0.29326.143
MinimumVisualStudioVersion = 10.0.40219.1
Project("{8BC9CEB8-8B4A-11D0-8D11-00A0C91BC942}") = "MatotekAutoSkola", "MatotekAutoSkola.vcxproj", "{18FE1645-5265-40FE-8A12-348AA48A5396}"
EndProject
Global
	GlobalSection(SolutionConfigurationPlatforms) = preSolution
		Debug|x64 = Debug|x64
		Debug|x86 = Debug|x86
		Release|x64 = Release|x64
		Release|x86 = Release|x86
	EndGlobalSection
	GlobalSection(ProjectConfigurationPlatforms) = postSolution
		{18FE1645-5265-40FE-8A12-348AA48A5396}.Debug|x64.ActiveCfg = Debug|x64
		{18FE1645-5265-40FE-8A12-348AA48A5396}.Debug|x64.Build.0 = Debug|x64
		{18FE1645-5265-40FE-8A12-348AA48A5396}.Debug|x86.ActiveCfg = Debug|Win32
		{18FE1645-5265-40FE-8A12-348AA48A5396}.Debug|x86.Build.0 = Debug|Win32
		{18FE1645-5265-40FE-8A12-348AA48A5396}.Release|x64.ActiveCfg = Release|x64
		{18FE1645-5265-40FE-8A12-348AA48A5396}.Release|x64.Build.0 = Release|x64
		{18FE1645-5265-40FE-8A12-348AA48A5396}.Release|x86.ActiveCfg = Release|Win32
		{18FE1645-5265-40FE-8A12-348AA48A5396}.Release|x86.Build.0 = Release|Win32
	EndGlobalSection
	GlobalSection(SolutionProperties) = preSolution
		HideSolutionNode = FALSE
	EndGlobalSection
	GlobalSection(ExtensibilityGlobals) = postSolution
		SolutionGuid = {3AEB04B7-10B0-4662-ACFA-0D0C3AA6395B}
	EndGlobalSection
EndGlobal
